
Microsoft Visual Studio Solution File, Format Version 12.00
# Visual Studio Version 17
VisualStudioVersion = 17.12.35707.178 d17.12
MinimumVisualStudioVersion = 10.0.40219.1
Project("{FAE04EC0-301F-11D3-BF4B-00C04F79EFBC}") = "RIAYA", "RIAYA\RIAYA.csproj", "{27DB27FA-7438-4ABF-A677-730700FFA104}"
EndProject
Global
	GlobalSection(SolutionConfigurationPlatforms) = preSolution
		Debug|Any CPU = Debug|Any CPU
		Release|Any CPU = Release|Any CPU
	EndGlobalSection
	GlobalSection(ProjectConfigurationPlatforms) = postSolution
		{27DB27FA-7438-4ABF-A677-730700FFA104}.Debug|Any CPU.ActiveCfg = Debug|Any CPU
		{27DB27FA-7438-4ABF-A677-730700FFA104}.Debug|Any CPU.Build.0 = Debug|Any CPU
		{27DB27FA-7438-4ABF-A677-730700FFA104}.Release|Any CPU.ActiveCfg = Release|Any CPU
		{27DB27FA-7438-4ABF-A677-730700FFA104}.Release|Any CPU.Build.0 = Release|Any CPU
	EndGlobalSection
	GlobalSection(SolutionProperties) = preSolution
		HideSolutionNode = FALSE
	EndGlobalSection
EndGlobal
