
Microsoft Visual Studio Solution File, Format Version 12.00
# Visual Studio Version 17
VisualStudioVersion = 17.12.35707.178
MinimumVisualStudioVersion = 10.0.40219.1
Project("{FAE04EC0-301F-11D3-BF4B-00C04F79EFBC}") = "Task 1", "Task 1\Task 1.csproj", "{27DB27FA-7438-4ABF-A677-730700FFA104}"
EndProject
Project("{FAE04EC0-301F-11D3-BF4B-00C04F79EFBC}") = "Task 2", "Task 2\Task 2.csproj", "{FAC406DE-D45A-461B-AE1E-12C7669B4235}"
EndProject
Project("{FAE04EC0-301F-11D3-BF4B-00C04F79EFBC}") = "Task 3", "Task 3\Task 3.csproj", "{BAAA4E5B-E9B4-4AF4-BA6E-9648FFCCB08F}"
EndProject
Project("{FAE04EC0-301F-11D3-BF4B-00C04F79EFBC}") = "Task 4", "Task 4\Task 4.csproj", "{96BE2369-A465-40EA-9D26-C241DFE04EB6}"
EndProject
Project("{FAE04EC0-301F-11D3-BF4B-00C04F79EFBC}") = "Task 5", "Task 5\Task 5.csproj", "{54FE9BA1-4A2C-4AD6-B8AF-8192CFA91381}"
EndProject
Global
	GlobalSection(SolutionConfigurationPlatforms) = preSolution
		Debug|Any CPU = Debug|Any CPU
		Release|Any CPU = Release|Any CPU
	EndGlobalSection
	GlobalSection(ProjectConfigurationPlatforms) = postSolution
		{27DB27FA-7438-4ABF-A677-730700FFA104}.Debug|Any CPU.ActiveCfg = Debug|Any CPU
		{27DB27FA-7438-4ABF-A677-730700FFA104}.Debug|Any CPU.Build.0 = Debug|Any CPU
		{27DB27FA-7438-4ABF-A677-730700FFA104}.Release|Any CPU.ActiveCfg = Release|Any CPU
		{27DB27FA-7438-4ABF-A677-730700FFA104}.Release|Any CPU.Build.0 = Release|Any CPU
		{FAC406DE-D45A-461B-AE1E-12C7669B4235}.Debug|Any CPU.ActiveCfg = Debug|Any CPU
		{FAC406DE-D45A-461B-AE1E-12C7669B4235}.Debug|Any CPU.Build.0 = Debug|Any CPU
		{FAC406DE-D45A-461B-AE1E-12C7669B4235}.Release|Any CPU.ActiveCfg = Release|Any CPU
		{FAC406DE-D45A-461B-AE1E-12C7669B4235}.Release|Any CPU.Build.0 = Release|Any CPU
		{BAAA4E5B-E9B4-4AF4-BA6E-9648FFCCB08F}.Debug|Any CPU.ActiveCfg = Debug|Any CPU
		{BAAA4E5B-E9B4-4AF4-BA6E-9648FFCCB08F}.Debug|Any CPU.Build.0 = Debug|Any CPU
		{BAAA4E5B-E9B4-4AF4-BA6E-9648FFCCB08F}.Release|Any CPU.ActiveCfg = Release|Any CPU
		{BAAA4E5B-E9B4-4AF4-BA6E-9648FFCCB08F}.Release|Any CPU.Build.0 = Release|Any CPU
		{96BE2369-A465-40EA-9D26-C241DFE04EB6}.Debug|Any CPU.ActiveCfg = Debug|Any CPU
		{96BE2369-A465-40EA-9D26-C241DFE04EB6}.Debug|Any CPU.Build.0 = Debug|Any CPU
		{96BE2369-A465-40EA-9D26-C241DFE04EB6}.Release|Any CPU.ActiveCfg = Release|Any CPU
		{96BE2369-A465-40EA-9D26-C241DFE04EB6}.Release|Any CPU.Build.0 = Release|Any CPU
		{54FE9BA1-4A2C-4AD6-B8AF-8192CFA91381}.Debug|Any CPU.ActiveCfg = Debug|Any CPU
		{54FE9BA1-4A2C-4AD6-B8AF-8192CFA91381}.Debug|Any CPU.Build.0 = Debug|Any CPU
		{54FE9BA1-4A2C-4AD6-B8AF-8192CFA91381}.Release|Any CPU.ActiveCfg = Release|Any CPU
		{54FE9BA1-4A2C-4AD6-B8AF-8192CFA91381}.Release|Any CPU.Build.0 = Release|Any CPU
	EndGlobalSection
	GlobalSection(SolutionProperties) = preSolution
		HideSolutionNode = FALSE
	EndGlobalSection
EndGlobal
